// !$*UTF8*$!
{
	archiveVersion = 1;
	classes = {
	};
	objectVersion = 48;
	objects = {

/* Begin PBXBuildFile section */
		1B13C70C2179D09C00FF5D8D /* AbroadViewController.m in Sources */ = {isa = PBXBuildFile; fileRef = 1B13C70B2179D09C00FF5D8D /* AbroadViewController.m */; };
		1B13C70F2179D0B100FF5D8D /* XYCollectionBrawer.m in Sources */ = {isa = PBXBuildFile; fileRef = 1B13C70E2179D0B000FF5D8D /* XYCollectionBrawer.m */; };
		1B13C7132179D0D600FF5D8D /* TestCollectionViewCell.m in Sources */ = {isa = PBXBuildFile; fileRef = 1B13C7102179D0D500FF5D8D /* TestCollectionViewCell.m */; };
		1B13C7142179D0D600FF5D8D /* TestCollectionViewCell.xib in Resources */ = {isa = PBXBuildFile; fileRef = 1B13C7112179D0D500FF5D8D /* TestCollectionViewCell.xib */; };
		4D29A22BBC8FAB1F25105C4A /* libPods-高仿马蹄运动UITests.a in Frameworks */ = {isa = PBXBuildFile; fileRef = 88CA3CDFF2FD3DC6B6E4BDCE /* libPods-高仿马蹄运动UITests.a */; };
		A6BC9FF469374BA3619CD1CD /* libPods-高仿马蹄运动.a in Frameworks */ = {isa = PBXBuildFile; fileRef = 8BCB74231BA2B829B2851984 /* libPods-高仿马蹄运动.a */; };
		B008D7402178AF1300DB5B08 /* ChooseCategoryViewController.m in Sources */ = {isa = PBXBuildFile; fileRef = B008D73E2178AF1100DB5B08 /* ChooseCategoryViewController.m */; };
		B008D7452178AF6900DB5B08 /* HouseDetailViewController.m in Sources */ = {isa = PBXBuildFile; fileRef = B008D7432178AF6900DB5B08 /* HouseDetailViewController.m */; };
		B008D7462178AF6900DB5B08 /* HouseDetailViewController.xib in Resources */ = {isa = PBXBuildFile; fileRef = B008D7442178AF6900DB5B08 /* HouseDetailViewController.xib */; };
		B008D7542178B40400DB5B08 /* XYImageModel.m in Sources */ = {isa = PBXBuildFile; fileRef = B008D7502178B07900DB5B08 /* XYImageModel.m */; };
		B008D7552178B40400DB5B08 /* XYBrawerBtnView.m in Sources */ = {isa = PBXBuildFile; fileRef = B008D74C2178B02D00DB5B08 /* XYBrawerBtnView.m */; };
		B008D7562178B40400DB5B08 /* XYBrawerHeaderImageView.m in Sources */ = {isa = PBXBuildFile; fileRef = B008D74E2178B02D00DB5B08 /* XYBrawerHeaderImageView.m */; };
		B008D7572178B40400DB5B08 /* XYFlatBrawerHeaderBtn.m in Sources */ = {isa = PBXBuildFile; fileRef = B008D7522178B0B800DB5B08 /* XYFlatBrawerHeaderBtn.m */; };
		B008D7582178B40400DB5B08 /* XYFlatBrawerHeader.m in Sources */ = {isa = PBXBuildFile; fileRef = B008D7492178B01000DB5B08 /* XYFlatBrawerHeader.m */; };
		B008D75A2178B73D00DB5B08 /* data.plist in Resources */ = {isa = PBXBuildFile; fileRef = B008D7592178B73D00DB5B08 /* data.plist */; };
		B008D75B2178BC8700DB5B08 /* XYBrawerBtnView.xib in Resources */ = {isa = PBXBuildFile; fileRef = B008D74D2178B02D00DB5B08 /* XYBrawerBtnView.xib */; };
		B008D75E217F633E00DB5B08 /* RecommendModel.m in Sources */ = {isa = PBXBuildFile; fileRef = B008D75D217F633D00DB5B08 /* RecommendModel.m */; };
		B008D762217F637C00DB5B08 /* HomeVideoCell.m in Sources */ = {isa = PBXBuildFile; fileRef = B008D760217F637B00DB5B08 /* HomeVideoCell.m */; };
		B008D76A217F63D800DB5B08 /* RecommendViewController.m in Sources */ = {isa = PBXBuildFile; fileRef = B008D768217F63D800DB5B08 /* RecommendViewController.m */; };
		B008D76B217F63D800DB5B08 /* RecommendViewController.xib in Resources */ = {isa = PBXBuildFile; fileRef = B008D769217F63D800DB5B08 /* RecommendViewController.xib */; };
		B008D76D217F650E00DB5B08 /* RecommendData.plist in Resources */ = {isa = PBXBuildFile; fileRef = B008D76C217F650E00DB5B08 /* RecommendData.plist */; };
		B008D76E217F66CC00DB5B08 /* HomeVideoCell.xib in Resources */ = {isa = PBXBuildFile; fileRef = B008D75F217F637B00DB5B08 /* HomeVideoCell.xib */; };
		B0ED60C8214A8A0600507AEC /* AppDelegate.m in Sources */ = {isa = PBXBuildFile; fileRef = B0ED60C7214A8A0600507AEC /* AppDelegate.m */; };
		B0ED60CB214A8A0600507AEC /* ViewController.m in Sources */ = {isa = PBXBuildFile; fileRef = B0ED60CA214A8A0600507AEC /* ViewController.m */; };
		B0ED60CE214A8A0600507AEC /* Main.storyboard in Resources */ = {isa = PBXBuildFile; fileRef = B0ED60CC214A8A0600507AEC /* Main.storyboard */; };
		B0ED60D0214A8A0600507AEC /* Assets.xcassets in Resources */ = {isa = PBXBuildFile; fileRef = B0ED60CF214A8A0600507AEC /* Assets.xcassets */; };
		B0ED60D3214A8A0600507AEC /* LaunchScreen.storyboard in Resources */ = {isa = PBXBuildFile; fileRef = B0ED60D1214A8A0600507AEC /* LaunchScreen.storyboard */; };
		B0ED60D6214A8A0600507AEC /* main.m in Sources */ = {isa = PBXBuildFile; fileRef = B0ED60D5214A8A0600507AEC /* main.m */; };
		B0ED60E0214A8A0600507AEC /* ______Tests.m in Sources */ = {isa = PBXBuildFile; fileRef = B0ED60DF214A8A0600507AEC /* ______Tests.m */; };
		B0ED60EB214A8A0600507AEC /* ______UITests.m in Sources */ = {isa = PBXBuildFile; fileRef = B0ED60EA214A8A0600507AEC /* ______UITests.m */; };
		B0ED615B2152936A00507AEC /* NavigationViewController.m in Sources */ = {isa = PBXBuildFile; fileRef = B0ED61532152936400507AEC /* NavigationViewController.m */; };
		B0ED615C2152936A00507AEC /* MainTabBarController.m in Sources */ = {isa = PBXBuildFile; fileRef = B0ED61562152936700507AEC /* MainTabBarController.m */; };
		B0ED615D2152936A00507AEC /* UIView+AICategory.m in Sources */ = {isa = PBXBuildFile; fileRef = B0ED61572152936800507AEC /* UIView+AICategory.m */; };
		B0ED615E2152936A00507AEC /* MyTabBar.m in Sources */ = {isa = PBXBuildFile; fileRef = B0ED615A2152936A00507AEC /* MyTabBar.m */; };
		B0ED616C2152951400507AEC /* HomeViewController.m in Sources */ = {isa = PBXBuildFile; fileRef = B0ED616A2152951400507AEC /* HomeViewController.m */; };
		B0ED616D2152951400507AEC /* HomeViewController.xib in Resources */ = {isa = PBXBuildFile; fileRef = B0ED616B2152951400507AEC /* HomeViewController.xib */; };
		B0ED61792156945200507AEC /* MoveCell.m in Sources */ = {isa = PBXBuildFile; fileRef = B0ED61742156945000507AEC /* MoveCell.m */; };
		B0ED617A2156945200507AEC /* ChooseCategoryView.m in Sources */ = {isa = PBXBuildFile; fileRef = B0ED61762156945100507AEC /* ChooseCategoryView.m */; };
		BF275FC8A64960929FD972FA /* libPods-高仿马蹄运动Tests.a in Frameworks */ = {isa = PBXBuildFile; fileRef = F81CCD8D9C6411CC0D9B3B18 /* libPods-高仿马蹄运动Tests.a */; };
/* End PBXBuildFile section */

/* Begin PBXContainerItemProxy section */
		B0ED60DC214A8A0600507AEC /* PBXContainerItemProxy */ = {
			isa = PBXContainerItemProxy;
			containerPortal = B0ED60BB214A8A0600507AEC /* Project object */;
			proxyType = 1;
			remoteGlobalIDString = B0ED60C2214A8A0600507AEC;
			remoteInfo = "高仿马蹄运动";
		};
		B0ED60E7214A8A0600507AEC /* PBXContainerItemProxy */ = {
			isa = PBXContainerItemProxy;
			containerPortal = B0ED60BB214A8A0600507AEC /* Project object */;
			proxyType = 1;
			remoteGlobalIDString = B0ED60C2214A8A0600507AEC;
			remoteInfo = "高仿马蹄运动";
		};
/* End PBXContainerItemProxy section */

/* Begin PBXFileReference section */
		1B13C70A2179D09C00FF5D8D /* AbroadViewController.h */ = {isa = PBXFileReference; lastKnownFileType = sourcecode.c.h; path = AbroadViewController.h; sourceTree = "<group>"; };
		1B13C70B2179D09C00FF5D8D /* AbroadViewController.m */ = {isa = PBXFileReference; lastKnownFileType = sourcecode.c.objc; path = AbroadViewController.m; sourceTree = "<group>"; };
		1B13C70D2179D0B000FF5D8D /* XYCollectionBrawer.h */ = {isa = PBXFileReference; fileEncoding = 4; lastKnownFileType = sourcecode.c.h; path = XYCollectionBrawer.h; sourceTree = "<group>"; };
		1B13C70E2179D0B000FF5D8D /* XYCollectionBrawer.m */ = {isa = PBXFileReference; fileEncoding = 4; lastKnownFileType = sourcecode.c.objc; path = XYCollectionBrawer.m; sourceTree = "<group>"; };
		1B13C7102179D0D500FF5D8D /* TestCollectionViewCell.m */ = {isa = PBXFileReference; fileEncoding = 4; lastKnownFileType = sourcecode.c.objc; path = TestCollectionViewCell.m; sourceTree = "<group>"; };
		1B13C7112179D0D500FF5D8D /* TestCollectionViewCell.xib */ = {isa = PBXFileReference; fileEncoding = 4; lastKnownFileType = file.xib; path = TestCollectionViewCell.xib; sourceTree = "<group>"; };
		1B13C7122179D0D600FF5D8D /* TestCollectionViewCell.h */ = {isa = PBXFileReference; fileEncoding = 4; lastKnownFileType = sourcecode.c.h; path = TestCollectionViewCell.h; sourceTree = "<group>"; };
		390D947EC74433F3C7C32E2E /* Pods-高仿马蹄运动UITests.debug.xcconfig */ = {isa = PBXFileReference; includeInIndex = 1; lastKnownFileType = text.xcconfig; name = "Pods-高仿马蹄运动UITests.debug.xcconfig"; path = "Pods/Target Support Files/Pods-高仿马蹄运动UITests/Pods-高仿马蹄运动UITests.debug.xcconfig"; sourceTree = "<group>"; };
		4119E1E7EE1396648AAE09F9 /* Pods-高仿马蹄运动UITests.release.xcconfig */ = {isa = PBXFileReference; includeInIndex = 1; lastKnownFileType = text.xcconfig; name = "Pods-高仿马蹄运动UITests.release.xcconfig"; path = "Pods/Target Support Files/Pods-高仿马蹄运动UITests/Pods-高仿马蹄运动UITests.release.xcconfig"; sourceTree = "<group>"; };
		88CA3CDFF2FD3DC6B6E4BDCE /* libPods-高仿马蹄运动UITests.a */ = {isa = PBXFileReference; explicitFileType = archive.ar; includeInIndex = 0; path = "libPods-高仿马蹄运动UITests.a"; sourceTree = BUILT_PRODUCTS_DIR; };
		8BCB74231BA2B829B2851984 /* libPods-高仿马蹄运动.a */ = {isa = PBXFileReference; explicitFileType = archive.ar; includeInIndex = 0; path = "libPods-高仿马蹄运动.a"; sourceTree = BUILT_PRODUCTS_DIR; };
		961018E4B73907B3E83E8585 /* Pods-高仿马蹄运动.debug.xcconfig */ = {isa = PBXFileReference; includeInIndex = 1; lastKnownFileType = text.xcconfig; name = "Pods-高仿马蹄运动.debug.xcconfig"; path = "Pods/Target Support Files/Pods-高仿马蹄运动/Pods-高仿马蹄运动.debug.xcconfig"; sourceTree = "<group>"; };
		B008D73D2178AF1100DB5B08 /* ChooseCategoryViewController.h */ = {isa = PBXFileReference; lastKnownFileType = sourcecode.c.h; path = ChooseCategoryViewController.h; sourceTree = "<group>"; };
		B008D73E2178AF1100DB5B08 /* ChooseCategoryViewController.m */ = {isa = PBXFileReference; lastKnownFileType = sourcecode.c.objc; path = ChooseCategoryViewController.m; sourceTree = "<group>"; };
		B008D73F2178AF1200DB5B08 /* ChooseCategoryViewController.xib */ = {isa = PBXFileReference; lastKnownFileType = file.xib; path = ChooseCategoryViewController.xib; sourceTree = "<group>"; };
		B008D7422178AF6900DB5B08 /* HouseDetailViewController.h */ = {isa = PBXFileReference; lastKnownFileType = sourcecode.c.h; path = HouseDetailViewController.h; sourceTree = "<group>"; };
		B008D7432178AF6900DB5B08 /* HouseDetailViewController.m */ = {isa = PBXFileReference; lastKnownFileType = sourcecode.c.objc; path = HouseDetailViewController.m; sourceTree = "<group>"; };
		B008D7442178AF6900DB5B08 /* HouseDetailViewController.xib */ = {isa = PBXFileReference; lastKnownFileType = file.xib; path = HouseDetailViewController.xib; sourceTree = "<group>"; };
		B008D7482178B01000DB5B08 /* XYFlatBrawerHeader.h */ = {isa = PBXFileReference; lastKnownFileType = sourcecode.c.h; path = XYFlatBrawerHeader.h; sourceTree = "<group>"; };
		B008D7492178B01000DB5B08 /* XYFlatBrawerHeader.m */ = {isa = PBXFileReference; lastKnownFileType = sourcecode.c.objc; path = XYFlatBrawerHeader.m; sourceTree = "<group>"; };
		B008D74A2178B02D00DB5B08 /* XYBrawerHeaderImageView.h */ = {isa = PBXFileReference; lastKnownFileType = sourcecode.c.h; path = XYBrawerHeaderImageView.h; sourceTree = "<group>"; };
		B008D74B2178B02D00DB5B08 /* XYBrawerBtnView.h */ = {isa = PBXFileReference; lastKnownFileType = sourcecode.c.h; path = XYBrawerBtnView.h; sourceTree = "<group>"; };
		B008D74C2178B02D00DB5B08 /* XYBrawerBtnView.m */ = {isa = PBXFileReference; lastKnownFileType = sourcecode.c.objc; path = XYBrawerBtnView.m; sourceTree = "<group>"; };
		B008D74D2178B02D00DB5B08 /* XYBrawerBtnView.xib */ = {isa = PBXFileReference; lastKnownFileType = file.xib; path = XYBrawerBtnView.xib; sourceTree = "<group>"; };
		B008D74E2178B02D00DB5B08 /* XYBrawerHeaderImageView.m */ = {isa = PBXFileReference; lastKnownFileType = sourcecode.c.objc; path = XYBrawerHeaderImageView.m; sourceTree = "<group>"; };
		B008D7502178B07900DB5B08 /* XYImageModel.m */ = {isa = PBXFileReference; lastKnownFileType = sourcecode.c.objc; path = XYImageModel.m; sourceTree = "<group>"; };
		B008D7512178B07900DB5B08 /* XYImageModel.h */ = {isa = PBXFileReference; lastKnownFileType = sourcecode.c.h; path = XYImageModel.h; sourceTree = "<group>"; };
		B008D7522178B0B800DB5B08 /* XYFlatBrawerHeaderBtn.m */ = {isa = PBXFileReference; lastKnownFileType = sourcecode.c.objc; path = XYFlatBrawerHeaderBtn.m; sourceTree = "<group>"; };
		B008D7532178B0B800DB5B08 /* XYFlatBrawerHeaderBtn.h */ = {isa = PBXFileReference; lastKnownFileType = sourcecode.c.h; path = XYFlatBrawerHeaderBtn.h; sourceTree = "<group>"; };
		B008D7592178B73D00DB5B08 /* data.plist */ = {isa = PBXFileReference; lastKnownFileType = text.plist.xml; path = data.plist; sourceTree = "<group>"; };
		B008D75C217F633D00DB5B08 /* RecommendModel.h */ = {isa = PBXFileReference; lastKnownFileType = sourcecode.c.h; path = RecommendModel.h; sourceTree = "<group>"; };
		B008D75D217F633D00DB5B08 /* RecommendModel.m */ = {isa = PBXFileReference; lastKnownFileType = sourcecode.c.objc; path = RecommendModel.m; sourceTree = "<group>"; };
		B008D75F217F637B00DB5B08 /* HomeVideoCell.xib */ = {isa = PBXFileReference; lastKnownFileType = file.xib; path = HomeVideoCell.xib; sourceTree = "<group>"; };
		B008D760217F637B00DB5B08 /* HomeVideoCell.m */ = {isa = PBXFileReference; lastKnownFileType = sourcecode.c.objc; path = HomeVideoCell.m; sourceTree = "<group>"; };
		B008D761217F637B00DB5B08 /* HomeVideoCell.h */ = {isa = PBXFileReference; lastKnownFileType = sourcecode.c.h; path = HomeVideoCell.h; sourceTree = "<group>"; };
		B008D767217F63D800DB5B08 /* RecommendViewController.h */ = {isa = PBXFileReference; lastKnownFileType = sourcecode.c.h; path = RecommendViewController.h; sourceTree = "<group>"; };
		B008D768217F63D800DB5B08 /* RecommendViewController.m */ = {isa = PBXFileReference; lastKnownFileType = sourcecode.c.objc; path = RecommendViewController.m; sourceTree = "<group>"; };
		B008D769217F63D800DB5B08 /* RecommendViewController.xib */ = {isa = PBXFileReference; lastKnownFileType = file.xib; path = RecommendViewController.xib; sourceTree = "<group>"; };
		B008D76C217F650E00DB5B08 /* RecommendData.plist */ = {isa = PBXFileReference; lastKnownFileType = text.plist.xml; path = RecommendData.plist; sourceTree = "<group>"; };
		B0ED60C3214A8A0600507AEC /* 高仿马蹄运动.app */ = {isa = PBXFileReference; explicitFileType = wrapper.application; includeInIndex = 0; path = "高仿马蹄运动.app"; sourceTree = BUILT_PRODUCTS_DIR; };
		B0ED60C6214A8A0600507AEC /* AppDelegate.h */ = {isa = PBXFileReference; lastKnownFileType = sourcecode.c.h; path = AppDelegate.h; sourceTree = "<group>"; };
		B0ED60C7214A8A0600507AEC /* AppDelegate.m */ = {isa = PBXFileReference; lastKnownFileType = sourcecode.c.objc; path = AppDelegate.m; sourceTree = "<group>"; };
		B0ED60C9214A8A0600507AEC /* ViewController.h */ = {isa = PBXFileReference; lastKnownFileType = sourcecode.c.h; path = ViewController.h; sourceTree = "<group>"; };
		B0ED60CA214A8A0600507AEC /* ViewController.m */ = {isa = PBXFileReference; lastKnownFileType = sourcecode.c.objc; path = ViewController.m; sourceTree = "<group>"; };
		B0ED60CD214A8A0600507AEC /* Base */ = {isa = PBXFileReference; lastKnownFileType = file.storyboard; name = Base; path = Base.lproj/Main.storyboard; sourceTree = "<group>"; };
		B0ED60CF214A8A0600507AEC /* Assets.xcassets */ = {isa = PBXFileReference; lastKnownFileType = folder.assetcatalog; path = Assets.xcassets; sourceTree = "<group>"; };
		B0ED60D2214A8A0600507AEC /* Base */ = {isa = PBXFileReference; lastKnownFileType = file.storyboard; name = Base; path = Base.lproj/LaunchScreen.storyboard; sourceTree = "<group>"; };
		B0ED60D4214A8A0600507AEC /* Info.plist */ = {isa = PBXFileReference; lastKnownFileType = text.plist.xml; path = Info.plist; sourceTree = "<group>"; };
		B0ED60D5214A8A0600507AEC /* main.m */ = {isa = PBXFileReference; lastKnownFileType = sourcecode.c.objc; path = main.m; sourceTree = "<group>"; };
		B0ED60DB214A8A0600507AEC /* 高仿马蹄运动Tests.xctest */ = {isa = PBXFileReference; explicitFileType = wrapper.cfbundle; includeInIndex = 0; path = "高仿马蹄运动Tests.xctest"; sourceTree = BUILT_PRODUCTS_DIR; };
		B0ED60DF214A8A0600507AEC /* ______Tests.m */ = {isa = PBXFileReference; lastKnownFileType = sourcecode.c.objc; path = "______Tests.m"; sourceTree = "<group>"; };
		B0ED60E1214A8A0600507AEC /* Info.plist */ = {isa = PBXFileReference; lastKnownFileType = text.plist.xml; path = Info.plist; sourceTree = "<group>"; };
		B0ED60E6214A8A0600507AEC /* 高仿马蹄运动UITests.xctest */ = {isa = PBXFileReference; explicitFileType = wrapper.cfbundle; includeInIndex = 0; path = "高仿马蹄运动UITests.xctest"; sourceTree = BUILT_PRODUCTS_DIR; };
		B0ED60EA214A8A0600507AEC /* ______UITests.m */ = {isa = PBXFileReference; lastKnownFileType = sourcecode.c.objc; path = "______UITests.m"; sourceTree = "<group>"; };
		B0ED60EC214A8A0600507AEC /* Info.plist */ = {isa = PBXFileReference; lastKnownFileType = text.plist.xml; path = Info.plist; sourceTree = "<group>"; };
		B0ED61532152936400507AEC /* NavigationViewController.m */ = {isa = PBXFileReference; lastKnownFileType = sourcecode.c.objc; path = NavigationViewController.m; sourceTree = "<group>"; };
		B0ED61542152936400507AEC /* NavigationViewController.h */ = {isa = PBXFileReference; lastKnownFileType = sourcecode.c.h; path = NavigationViewController.h; sourceTree = "<group>"; };
		B0ED61552152936600507AEC /* MainTabBarController.h */ = {isa = PBXFileReference; lastKnownFileType = sourcecode.c.h; path = MainTabBarController.h; sourceTree = "<group>"; };
		B0ED61562152936700507AEC /* MainTabBarController.m */ = {isa = PBXFileReference; lastKnownFileType = sourcecode.c.objc; path = MainTabBarController.m; sourceTree = "<group>"; };
		B0ED61572152936800507AEC /* UIView+AICategory.m */ = {isa = PBXFileReference; lastKnownFileType = sourcecode.c.objc; path = "UIView+AICategory.m"; sourceTree = "<group>"; };
		B0ED61582152936800507AEC /* UIView+AICategory.h */ = {isa = PBXFileReference; lastKnownFileType = sourcecode.c.h; path = "UIView+AICategory.h"; sourceTree = "<group>"; };
		B0ED61592152936900507AEC /* MyTabBar.h */ = {isa = PBXFileReference; lastKnownFileType = sourcecode.c.h; path = MyTabBar.h; sourceTree = "<group>"; };
		B0ED615A2152936A00507AEC /* MyTabBar.m */ = {isa = PBXFileReference; lastKnownFileType = sourcecode.c.objc; path = MyTabBar.m; sourceTree = "<group>"; };
		B0ED6165215293F500507AEC /* PrefixHeader.pch */ = {isa = PBXFileReference; lastKnownFileType = sourcecode.c.h; path = PrefixHeader.pch; sourceTree = "<group>"; };
		B0ED61672152948B00507AEC /* NetworkClient.h */ = {isa = PBXFileReference; lastKnownFileType = sourcecode.c.h; path = NetworkClient.h; sourceTree = "<group>"; };
		B0ED61682152948B00507AEC /* NetworkClient.m */ = {isa = PBXFileReference; lastKnownFileType = sourcecode.c.objc; path = NetworkClient.m; sourceTree = "<group>"; };
		B0ED61692152951400507AEC /* HomeViewController.h */ = {isa = PBXFileReference; lastKnownFileType = sourcecode.c.h; path = HomeViewController.h; sourceTree = "<group>"; };
		B0ED616A2152951400507AEC /* HomeViewController.m */ = {isa = PBXFileReference; lastKnownFileType = sourcecode.c.objc; path = HomeViewController.m; sourceTree = "<group>"; };
		B0ED616B2152951400507AEC /* HomeViewController.xib */ = {isa = PBXFileReference; lastKnownFileType = file.xib; path = HomeViewController.xib; sourceTree = "<group>"; };
		B0ED61722156944F00507AEC /* ChooseCategoryView.h */ = {isa = PBXFileReference; lastKnownFileType = sourcecode.c.h; path = ChooseCategoryView.h; sourceTree = "<group>"; };
		B0ED61742156945000507AEC /* MoveCell.m */ = {isa = PBXFileReference; lastKnownFileType = sourcecode.c.objc; path = MoveCell.m; sourceTree = "<group>"; };
		B0ED61752156945100507AEC /* MoveCell.h */ = {isa = PBXFileReference; lastKnownFileType = sourcecode.c.h; path = MoveCell.h; sourceTree = "<group>"; };
		B0ED61762156945100507AEC /* ChooseCategoryView.m */ = {isa = PBXFileReference; lastKnownFileType = sourcecode.c.objc; path = ChooseCategoryView.m; sourceTree = "<group>"; };
		B3D049D5EC5FED41CCEB169A /* Pods-高仿马蹄运动Tests.debug.xcconfig */ = {isa = PBXFileReference; includeInIndex = 1; lastKnownFileType = text.xcconfig; name = "Pods-高仿马蹄运动Tests.debug.xcconfig"; path = "Pods/Target Support Files/Pods-高仿马蹄运动Tests/Pods-高仿马蹄运动Tests.debug.xcconfig"; sourceTree = "<group>"; };
		E311A32A32C9D1AEAA0A18B6 /* Pods-高仿马蹄运动Tests.release.xcconfig */ = {isa = PBXFileReference; includeInIndex = 1; lastKnownFileType = text.xcconfig; name = "Pods-高仿马蹄运动Tests.release.xcconfig"; path = "Pods/Target Support Files/Pods-高仿马蹄运动Tests/Pods-高仿马蹄运动Tests.release.xcconfig"; sourceTree = "<group>"; };
		F68C52F5A95FBC7A5552540B /* Pods-高仿马蹄运动.release.xcconfig */ = {isa = PBXFileReference; includeInIndex = 1; lastKnownFileType = text.xcconfig; name = "Pods-高仿马蹄运动.release.xcconfig"; path = "Pods/Target Support Files/Pods-高仿马蹄运动/Pods-高仿马蹄运动.release.xcconfig"; sourceTree = "<group>"; };
		F81CCD8D9C6411CC0D9B3B18 /* libPods-高仿马蹄运动Tests.a */ = {isa = PBXFileReference; explicitFileType = archive.ar; includeInIndex = 0; path = "libPods-高仿马蹄运动Tests.a"; sourceTree = BUILT_PRODUCTS_DIR; };
/* End PBXFileReference section */

/* Begin PBXFrameworksBuildPhase section */
		B0ED60C0214A8A0600507AEC /* Frameworks */ = {
			isa = PBXFrameworksBuildPhase;
			buildActionMask = 2147483647;
			files = (
				A6BC9FF469374BA3619CD1CD /* libPods-高仿马蹄运动.a in Frameworks */,
			);
			runOnlyForDeploymentPostprocessing = 0;
		};
		B0ED60D8214A8A0600507AEC /* Frameworks */ = {
			isa = PBXFrameworksBuildPhase;
			buildActionMask = 2147483647;
			files = (
				BF275FC8A64960929FD972FA /* libPods-高仿马蹄运动Tests.a in Frameworks */,
			);
			runOnlyForDeploymentPostprocessing = 0;
		};
		B0ED60E3214A8A0600507AEC /* Frameworks */ = {
			isa = PBXFrameworksBuildPhase;
			buildActionMask = 2147483647;
			files = (
				4D29A22BBC8FAB1F25105C4A /* libPods-高仿马蹄运动UITests.a in Frameworks */,
			);
			runOnlyForDeploymentPostprocessing = 0;
		};
/* End PBXFrameworksBuildPhase section */

/* Begin PBXGroup section */
		1B13C7092179D08600FF5D8D /* 海外住宅 */ = {
			isa = PBXGroup;
			children = (
				1B13C7122179D0D600FF5D8D /* TestCollectionViewCell.h */,
				1B13C7102179D0D500FF5D8D /* TestCollectionViewCell.m */,
				1B13C7112179D0D500FF5D8D /* TestCollectionViewCell.xib */,
				1B13C70D2179D0B000FF5D8D /* XYCollectionBrawer.h */,
				1B13C70E2179D0B000FF5D8D /* XYCollectionBrawer.m */,
				1B13C70A2179D09C00FF5D8D /* AbroadViewController.h */,
				1B13C70B2179D09C00FF5D8D /* AbroadViewController.m */,
			);
			path = "海外住宅";
			sourceTree = "<group>";
		};
		39525E782AD4F79B29923BB9 /* Frameworks */ = {
			isa = PBXGroup;
			children = (
				8BCB74231BA2B829B2851984 /* libPods-高仿马蹄运动.a */,
				F81CCD8D9C6411CC0D9B3B18 /* libPods-高仿马蹄运动Tests.a */,
				88CA3CDFF2FD3DC6B6E4BDCE /* libPods-高仿马蹄运动UITests.a */,
			);
			name = Frameworks;
			sourceTree = "<group>";
		};
		7965D742467B3446B24ACFA0 /* Pods */ = {
			isa = PBXGroup;
			children = (
				961018E4B73907B3E83E8585 /* Pods-高仿马蹄运动.debug.xcconfig */,
				F68C52F5A95FBC7A5552540B /* Pods-高仿马蹄运动.release.xcconfig */,
				B3D049D5EC5FED41CCEB169A /* Pods-高仿马蹄运动Tests.debug.xcconfig */,
				E311A32A32C9D1AEAA0A18B6 /* Pods-高仿马蹄运动Tests.release.xcconfig */,
				390D947EC74433F3C7C32E2E /* Pods-高仿马蹄运动UITests.debug.xcconfig */,
				4119E1E7EE1396648AAE09F9 /* Pods-高仿马蹄运动UITests.release.xcconfig */,
			);
			name = Pods;
			sourceTree = "<group>";
		};
		B008D7412178AF5200DB5B08 /* 房源详情 */ = {
			isa = PBXGroup;
			children = (
				B008D74F2178B04400DB5B08 /* Model */,
				B008D7472178B00100DB5B08 /* View */,
				B008D7422178AF6900DB5B08 /* HouseDetailViewController.h */,
				B008D7432178AF6900DB5B08 /* HouseDetailViewController.m */,
				B008D7442178AF6900DB5B08 /* HouseDetailViewController.xib */,
			);
			path = "房源详情";
			sourceTree = "<group>";
		};
		B008D7472178B00100DB5B08 /* View */ = {
			isa = PBXGroup;
			children = (
				B008D74B2178B02D00DB5B08 /* XYBrawerBtnView.h */,
				B008D74C2178B02D00DB5B08 /* XYBrawerBtnView.m */,
				B008D74D2178B02D00DB5B08 /* XYBrawerBtnView.xib */,
				B008D74A2178B02D00DB5B08 /* XYBrawerHeaderImageView.h */,
				B008D74E2178B02D00DB5B08 /* XYBrawerHeaderImageView.m */,
				B008D7532178B0B800DB5B08 /* XYFlatBrawerHeaderBtn.h */,
				B008D7522178B0B800DB5B08 /* XYFlatBrawerHeaderBtn.m */,
				B008D7482178B01000DB5B08 /* XYFlatBrawerHeader.h */,
				B008D7492178B01000DB5B08 /* XYFlatBrawerHeader.m */,
			);
			path = View;
			sourceTree = "<group>";
		};
		B008D74F2178B04400DB5B08 /* Model */ = {
			isa = PBXGroup;
			children = (
				B008D7512178B07900DB5B08 /* XYImageModel.h */,
				B008D7502178B07900DB5B08 /* XYImageModel.m */,
			);
			path = Model;
			sourceTree = "<group>";
		};
		B008D763217F638A00DB5B08 /* 推荐 */ = {
			isa = PBXGroup;
			children = (
				B008D76C217F650E00DB5B08 /* RecommendData.plist */,
				B008D766217F63BF00DB5B08 /* Controller */,
				B008D765217F63A700DB5B08 /* View */,
				B008D764217F639600DB5B08 /* Model */,
			);
			path = "推荐";
			sourceTree = "<group>";
		};
		B008D764217F639600DB5B08 /* Model */ = {
			isa = PBXGroup;
			children = (
				B008D75C217F633D00DB5B08 /* RecommendModel.h */,
				B008D75D217F633D00DB5B08 /* RecommendModel.m */,
			);
			path = Model;
			sourceTree = "<group>";
		};
		B008D765217F63A700DB5B08 /* View */ = {
			isa = PBXGroup;
			children = (
				B008D761217F637B00DB5B08 /* HomeVideoCell.h */,
				B008D760217F637B00DB5B08 /* HomeVideoCell.m */,
				B008D75F217F637B00DB5B08 /* HomeVideoCell.xib */,
			);
			path = View;
			sourceTree = "<group>";
		};
		B008D766217F63BF00DB5B08 /* Controller */ = {
			isa = PBXGroup;
			children = (
				B008D767217F63D800DB5B08 /* RecommendViewController.h */,
				B008D768217F63D800DB5B08 /* RecommendViewController.m */,
				B008D769217F63D800DB5B08 /* RecommendViewController.xib */,
			);
			path = Controller;
			sourceTree = "<group>";
		};
		B0ED60BA214A8A0600507AEC = {
			isa = PBXGroup;
			children = (
				B008D7592178B73D00DB5B08 /* data.plist */,
				B0ED60C5214A8A0600507AEC /* 高仿马蹄运动 */,
				B0ED60DE214A8A0600507AEC /* 高仿马蹄运动Tests */,
				B0ED60E9214A8A0600507AEC /* 高仿马蹄运动UITests */,
				B0ED60C4214A8A0600507AEC /* Products */,
				7965D742467B3446B24ACFA0 /* Pods */,
				39525E782AD4F79B29923BB9 /* Frameworks */,
			);
			sourceTree = "<group>";
		};
		B0ED60C4214A8A0600507AEC /* Products */ = {
			isa = PBXGroup;
			children = (
				B0ED60C3214A8A0600507AEC /* 高仿马蹄运动.app */,
				B0ED60DB214A8A0600507AEC /* 高仿马蹄运动Tests.xctest */,
				B0ED60E6214A8A0600507AEC /* 高仿马蹄运动UITests.xctest */,
			);
			name = Products;
			sourceTree = "<group>";
		};
		B0ED60C5214A8A0600507AEC /* 高仿马蹄运动 */ = {
			isa = PBXGroup;
			children = (
				B008D763217F638A00DB5B08 /* 推荐 */,
				1B13C7092179D08600FF5D8D /* 海外住宅 */,
				B008D7412178AF5200DB5B08 /* 房源详情 */,
				B0ED61662152948B00507AEC /* NetWork */,
				B0ED615F2152938D00507AEC /* 首页 */,
				B0ED61552152936600507AEC /* MainTabBarController.h */,
				B0ED61562152936700507AEC /* MainTabBarController.m */,
				B0ED61592152936900507AEC /* MyTabBar.h */,
				B0ED615A2152936A00507AEC /* MyTabBar.m */,
				B0ED61542152936400507AEC /* NavigationViewController.h */,
				B0ED61532152936400507AEC /* NavigationViewController.m */,
				B0ED61582152936800507AEC /* UIView+AICategory.h */,
				B0ED61572152936800507AEC /* UIView+AICategory.m */,
				B0ED60C6214A8A0600507AEC /* AppDelegate.h */,
				B0ED60C7214A8A0600507AEC /* AppDelegate.m */,
				B0ED60C9214A8A0600507AEC /* ViewController.h */,
				B0ED60CA214A8A0600507AEC /* ViewController.m */,
				B0ED60CC214A8A0600507AEC /* Main.storyboard */,
				B0ED60CF214A8A0600507AEC /* Assets.xcassets */,
				B0ED60D1214A8A0600507AEC /* LaunchScreen.storyboard */,
				B0ED60D4214A8A0600507AEC /* Info.plist */,
				B0ED60D5214A8A0600507AEC /* main.m */,
				B0ED6165215293F500507AEC /* PrefixHeader.pch */,
			);
			path = "高仿马蹄运动";
			sourceTree = "<group>";
		};
		B0ED60DE214A8A0600507AEC /* 高仿马蹄运动Tests */ = {
			isa = PBXGroup;
			children = (
				B0ED60DF214A8A0600507AEC /* ______Tests.m */,
				B0ED60E1214A8A0600507AEC /* Info.plist */,
			);
			path = "高仿马蹄运动Tests";
			sourceTree = "<group>";
		};
		B0ED60E9214A8A0600507AEC /* 高仿马蹄运动UITests */ = {
			isa = PBXGroup;
			children = (
				B0ED60EA214A8A0600507AEC /* ______UITests.m */,
				B0ED60EC214A8A0600507AEC /* Info.plist */,
			);
			path = "高仿马蹄运动UITests";
			sourceTree = "<group>";
		};
		B0ED615F2152938D00507AEC /* 首页 */ = {
			isa = PBXGroup;
			children = (
				B008D73D2178AF1100DB5B08 /* ChooseCategoryViewController.h */,
				B008D73E2178AF1100DB5B08 /* ChooseCategoryViewController.m */,
				B008D73F2178AF1200DB5B08 /* ChooseCategoryViewController.xib */,
				B0ED61692152951400507AEC /* HomeViewController.h */,
				B0ED616A2152951400507AEC /* HomeViewController.m */,
				B0ED616B2152951400507AEC /* HomeViewController.xib */,
				B0ED61722156944F00507AEC /* ChooseCategoryView.h */,
				B0ED61762156945100507AEC /* ChooseCategoryView.m */,
				B0ED61752156945100507AEC /* MoveCell.h */,
				B0ED61742156945000507AEC /* MoveCell.m */,
			);
			path = "首页";
			sourceTree = "<group>";
		};
		B0ED61662152948B00507AEC /* NetWork */ = {
			isa = PBXGroup;
			children = (
				B0ED61672152948B00507AEC /* NetworkClient.h */,
				B0ED61682152948B00507AEC /* NetworkClient.m */,
			);
			path = NetWork;
			sourceTree = "<group>";
		};
/* End PBXGroup section */

/* Begin PBXNativeTarget section */
		B0ED60C2214A8A0600507AEC /* 高仿马蹄运动 */ = {
			isa = PBXNativeTarget;
			buildConfigurationList = B0ED60EF214A8A0600507AEC /* Build configuration list for PBXNativeTarget "高仿马蹄运动" */;
			buildPhases = (
				BAF7A0BA77E2860B8EF2BC3E /* [CP] Check Pods Manifest.lock */,
				B0ED60BF214A8A0600507AEC /* Sources */,
				B0ED60C0214A8A0600507AEC /* Frameworks */,
				B0ED60C1214A8A0600507AEC /* Resources */,
				970A01DF8B98372B433BAC4E /* [CP] Copy Pods Resources */,
			);
			buildRules = (
			);
			dependencies = (
			);
			name = "高仿马蹄运动";
			productName = "高仿马蹄运动";
			productReference = B0ED60C3214A8A0600507AEC /* 高仿马蹄运动.app */;
			productType = "com.apple.product-type.application";
		};
		B0ED60DA214A8A0600507AEC /* 高仿马蹄运动Tests */ = {
			isa = PBXNativeTarget;
			buildConfigurationList = B0ED60F2214A8A0600507AEC /* Build configuration list for PBXNativeTarget "高仿马蹄运动Tests" */;
			buildPhases = (
				7DA891A0D8E261EC47BAAD8A /* [CP] Check Pods Manifest.lock */,
				B0ED60D7214A8A0600507AEC /* Sources */,
				B0ED60D8214A8A0600507AEC /* Frameworks */,
				B0ED60D9214A8A0600507AEC /* Resources */,
			);
			buildRules = (
			);
			dependencies = (
				B0ED60DD214A8A0600507AEC /* PBXTargetDependency */,
			);
			name = "高仿马蹄运动Tests";
			productName = "高仿马蹄运动Tests";
			productReference = B0ED60DB214A8A0600507AEC /* 高仿马蹄运动Tests.xctest */;
			productType = "com.apple.product-type.bundle.unit-test";
		};
		B0ED60E5214A8A0600507AEC /* 高仿马蹄运动UITests */ = {
			isa = PBXNativeTarget;
			buildConfigurationList = B0ED60F5214A8A0600507AEC /* Build configuration list for PBXNativeTarget "高仿马蹄运动UITests" */;
			buildPhases = (
				E09270B763792EAD6B325A7E /* [CP] Check Pods Manifest.lock */,
				B0ED60E2214A8A0600507AEC /* Sources */,
				B0ED60E3214A8A0600507AEC /* Frameworks */,
				B0ED60E4214A8A0600507AEC /* Resources */,
			);
			buildRules = (
			);
			dependencies = (
				B0ED60E8214A8A0600507AEC /* PBXTargetDependency */,
			);
			name = "高仿马蹄运动UITests";
			productName = "高仿马蹄运动UITests";
			productReference = B0ED60E6214A8A0600507AEC /* 高仿马蹄运动UITests.xctest */;
			productType = "com.apple.product-type.bundle.ui-testing";
		};
/* End PBXNativeTarget section */

/* Begin PBXProject section */
		B0ED60BB214A8A0600507AEC /* Project object */ = {
			isa = PBXProject;
			attributes = {
				LastUpgradeCheck = 0900;
				ORGANIZATIONNAME = "哈哈";
				TargetAttributes = {
					B0ED60C2214A8A0600507AEC = {
						CreatedOnToolsVersion = 9.0;
						ProvisioningStyle = Automatic;
					};
					B0ED60DA214A8A0600507AEC = {
						CreatedOnToolsVersion = 9.0;
						ProvisioningStyle = Automatic;
						TestTargetID = B0ED60C2214A8A0600507AEC;
					};
					B0ED60E5214A8A0600507AEC = {
						CreatedOnToolsVersion = 9.0;
						ProvisioningStyle = Automatic;
						TestTargetID = B0ED60C2214A8A0600507AEC;
					};
				};
			};
			buildConfigurationList = B0ED60BE214A8A0600507AEC /* Build configuration list for PBXProject "高仿马蹄运动" */;
			compatibilityVersion = "Xcode 8.0";
			developmentRegion = en;
			hasScannedForEncodings = 0;
			knownRegions = (
				en,
				Base,
			);
			mainGroup = B0ED60BA214A8A0600507AEC;
			productRefGroup = B0ED60C4214A8A0600507AEC /* Products */;
			projectDirPath = "";
			projectRoot = "";
			targets = (
				B0ED60C2214A8A0600507AEC /* 高仿马蹄运动 */,
				B0ED60DA214A8A0600507AEC /* 高仿马蹄运动Tests */,
				B0ED60E5214A8A0600507AEC /* 高仿马蹄运动UITests */,
			);
		};
/* End PBXProject section */

/* Begin PBXResourcesBuildPhase section */
		B0ED60C1214A8A0600507AEC /* Resources */ = {
			isa = PBXResourcesBuildPhase;
			buildActionMask = 2147483647;
			files = (
				B008D76E217F66CC00DB5B08 /* HomeVideoCell.xib in Resources */,
				B008D75B2178BC8700DB5B08 /* XYBrawerBtnView.xib in Resources */,
				B008D75A2178B73D00DB5B08 /* data.plist in Resources */,
				1B13C7142179D0D600FF5D8D /* TestCollectionViewCell.xib in Resources */,
				B0ED60D3214A8A0600507AEC /* LaunchScreen.storyboard in Resources */,
				B008D7462178AF6900DB5B08 /* HouseDetailViewController.xib in Resources */,
				B008D76B217F63D800DB5B08 /* RecommendViewController.xib in Resources */,
				B0ED60D0214A8A0600507AEC /* Assets.xcassets in Resources */,
				B0ED60CE214A8A0600507AEC /* Main.storyboard in Resources */,
				B0ED616D2152951400507AEC /* HomeViewController.xib in Resources */,
				B008D76D217F650E00DB5B08 /* RecommendData.plist in Resources */,
			);
			runOnlyForDeploymentPostprocessing = 0;
		};
		B0ED60D9214A8A0600507AEC /* Resources */ = {
			isa = PBXResourcesBuildPhase;
			buildActionMask = 2147483647;
			files = (
			);
			runOnlyForDeploymentPostprocessing = 0;
		};
		B0ED60E4214A8A0600507AEC /* Resources */ = {
			isa = PBXResourcesBuildPhase;
			buildActionMask = 2147483647;
			files = (
			);
			runOnlyForDeploymentPostprocessing = 0;
		};
/* End PBXResourcesBuildPhase section */

/* Begin PBXShellScriptBuildPhase section */
		7DA891A0D8E261EC47BAAD8A /* [CP] Check Pods Manifest.lock */ = {
			isa = PBXShellScriptBuildPhase;
			buildActionMask = 2147483647;
			files = (
			);
			inputPaths = (
				"${PODS_PODFILE_DIR_PATH}/Podfile.lock",
				"${PODS_ROOT}/Manifest.lock",
			);
			name = "[CP] Check Pods Manifest.lock";
			outputPaths = (
				"$(DERIVED_FILE_DIR)/Pods-高仿马蹄运动Tests-checkManifestLockResult.txt",
			);
			runOnlyForDeploymentPostprocessing = 0;
			shellPath = /bin/sh;
			shellScript = "diff \"${PODS_PODFILE_DIR_PATH}/Podfile.lock\" \"${PODS_ROOT}/Manifest.lock\" > /dev/null\nif [ $? != 0 ] ; then\n    # print error to STDERR\n    echo \"error: The sandbox is not in sync with the Podfile.lock. Run 'pod install' or update your CocoaPods installation.\" >&2\n    exit 1\nfi\n# This output is used by Xcode 'outputs' to avoid re-running this script phase.\necho \"SUCCESS\" > \"${SCRIPT_OUTPUT_FILE_0}\"\n";
			showEnvVarsInLog = 0;
		};
		970A01DF8B98372B433BAC4E /* [CP] Copy Pods Resources */ = {
			isa = PBXShellScriptBuildPhase;
			buildActionMask = 2147483647;
			files = (
			);
			inputPaths = (
				"${SRCROOT}/Pods/Target Support Files/Pods-高仿马蹄运动/Pods-高仿马蹄运动-resources.sh",
				"${PODS_ROOT}/MJRefresh/MJRefresh/MJRefresh.bundle",
			);
			name = "[CP] Copy Pods Resources";
			outputPaths = (
				"${TARGET_BUILD_DIR}/${UNLOCALIZED_RESOURCES_FOLDER_PATH}/MJRefresh.bundle",
			);
			runOnlyForDeploymentPostprocessing = 0;
			shellPath = /bin/sh;
			shellScript = "\"${SRCROOT}/Pods/Target Support Files/Pods-高仿马蹄运动/Pods-高仿马蹄运动-resources.sh\"\n";
			showEnvVarsInLog = 0;
		};
		BAF7A0BA77E2860B8EF2BC3E /* [CP] Check Pods Manifest.lock */ = {
			isa = PBXShellScriptBuildPhase;
			buildActionMask = 2147483647;
			files = (
			);
			inputPaths = (
				"${PODS_PODFILE_DIR_PATH}/Podfile.lock",
				"${PODS_ROOT}/Manifest.lock",
			);
			name = "[CP] Check Pods Manifest.lock";
			outputPaths = (
				"$(DERIVED_FILE_DIR)/Pods-高仿马蹄运动-checkManifestLockResult.txt",
			);
			runOnlyForDeploymentPostprocessing = 0;
			shellPath = /bin/sh;
			shellScript = "diff \"${PODS_PODFILE_DIR_PATH}/Podfile.lock\" \"${PODS_ROOT}/Manifest.lock\" > /dev/null\nif [ $? != 0 ] ; then\n    # print error to STDERR\n    echo \"error: The sandbox is not in sync with the Podfile.lock. Run 'pod install' or update your CocoaPods installation.\" >&2\n    exit 1\nfi\n# This output is used by Xcode 'outputs' to avoid re-running this script phase.\necho \"SUCCESS\" > \"${SCRIPT_OUTPUT_FILE_0}\"\n";
			showEnvVarsInLog = 0;
		};
		E09270B763792EAD6B325A7E /* [CP] Check Pods Manifest.lock */ = {
			isa = PBXShellScriptBuildPhase;
			buildActionMask = 2147483647;
			files = (
			);
			inputPaths = (
				"${PODS_PODFILE_DIR_PATH}/Podfile.lock",
				"${PODS_ROOT}/Manifest.lock",
			);
			name = "[CP] Check Pods Manifest.lock";
			outputPaths = (
				"$(DERIVED_FILE_DIR)/Pods-高仿马蹄运动UITests-checkManifestLockResult.txt",
			);
			runOnlyForDeploymentPostprocessing = 0;
			shellPath = /bin/sh;
			shellScript = "diff \"${PODS_PODFILE_DIR_PATH}/Podfile.lock\" \"${PODS_ROOT}/Manifest.lock\" > /dev/null\nif [ $? != 0 ] ; then\n    # print error to STDERR\n    echo \"error: The sandbox is not in sync with the Podfile.lock. Run 'pod install' or update your CocoaPods installation.\" >&2\n    exit 1\nfi\n# This output is used by Xcode 'outputs' to avoid re-running this script phase.\necho \"SUCCESS\" > \"${SCRIPT_OUTPUT_FILE_0}\"\n";
			showEnvVarsInLog = 0;
		};
/* End PBXShellScriptBuildPhase section */

/* Begin PBXSourcesBuildPhase section */
		B0ED60BF214A8A0600507AEC /* Sources */ = {
			isa = PBXSourcesBuildPhase;
			buildActionMask = 2147483647;
			files = (
				B008D7542178B40400DB5B08 /* XYImageModel.m in Sources */,
				B008D7552178B40400DB5B08 /* XYBrawerBtnView.m in Sources */,
				B008D7562178B40400DB5B08 /* XYBrawerHeaderImageView.m in Sources */,
				1B13C70C2179D09C00FF5D8D /* AbroadViewController.m in Sources */,
				B008D7572178B40400DB5B08 /* XYFlatBrawerHeaderBtn.m in Sources */,
				B008D75E217F633E00DB5B08 /* RecommendModel.m in Sources */,
				B008D762217F637C00DB5B08 /* HomeVideoCell.m in Sources */,
				B008D7582178B40400DB5B08 /* XYFlatBrawerHeader.m in Sources */,
				B0ED617A2156945200507AEC /* ChooseCategoryView.m in Sources */,
				B0ED61792156945200507AEC /* MoveCell.m in Sources */,
				B0ED615D2152936A00507AEC /* UIView+AICategory.m in Sources */,
				1B13C70F2179D0B100FF5D8D /* XYCollectionBrawer.m in Sources */,
				B0ED615B2152936A00507AEC /* NavigationViewController.m in Sources */,
				B0ED615C2152936A00507AEC /* MainTabBarController.m in Sources */,
				B0ED60CB214A8A0600507AEC /* ViewController.m in Sources */,
				B0ED60D6214A8A0600507AEC /* main.m in Sources */,
				1B13C7132179D0D600FF5D8D /* TestCollectionViewCell.m in Sources */,
				B0ED60C8214A8A0600507AEC /* AppDelegate.m in Sources */,
				B008D7452178AF6900DB5B08 /* HouseDetailViewController.m in Sources */,
				B0ED615E2152936A00507AEC /* MyTabBar.m in Sources */,
				B0ED616C2152951400507AEC /* HomeViewController.m in Sources */,
				B008D76A217F63D800DB5B08 /* RecommendViewController.m in Sources */,
				B008D7402178AF1300DB5B08 /* ChooseCategoryViewController.m in Sources */,
			);
			runOnlyForDeploymentPostprocessing = 0;
		};
		B0ED60D7214A8A0600507AEC /* Sources */ = {
			isa = PBXSourcesBuildPhase;
			buildActionMask = 2147483647;
			files = (
				B0ED60E0214A8A0600507AEC /* ______Tests.m in Sources */,
			);
			runOnlyForDeploymentPostprocessing = 0;
		};
		B0ED60E2214A8A0600507AEC /* Sources */ = {
			isa = PBXSourcesBuildPhase;
			buildActionMask = 2147483647;
			files = (
				B0ED60EB214A8A0600507AEC /* ______UITests.m in Sources */,
			);
			runOnlyForDeploymentPostprocessing = 0;
		};
/* End PBXSourcesBuildPhase section */

/* Begin PBXTargetDependency section */
		B0ED60DD214A8A0600507AEC /* PBXTargetDependency */ = {
			isa = PBXTargetDependency;
			target = B0ED60C2214A8A0600507AEC /* 高仿马蹄运动 */;
			targetProxy = B0ED60DC214A8A0600507AEC /* PBXContainerItemProxy */;
		};
		B0ED60E8214A8A0600507AEC /* PBXTargetDependency */ = {
			isa = PBXTargetDependency;
			target = B0ED60C2214A8A0600507AEC /* 高仿马蹄运动 */;
			targetProxy = B0ED60E7214A8A0600507AEC /* PBXContainerItemProxy */;
		};
/* End PBXTargetDependency section */

/* Begin PBXVariantGroup section */
		B0ED60CC214A8A0600507AEC /* Main.storyboard */ = {
			isa = PBXVariantGroup;
			children = (
				B0ED60CD214A8A0600507AEC /* Base */,
			);
			name = Main.storyboard;
			sourceTree = "<group>";
		};
		B0ED60D1214A8A0600507AEC /* LaunchScreen.storyboard */ = {
			isa = PBXVariantGroup;
			children = (
				B0ED60D2214A8A0600507AEC /* Base */,
			);
			name = LaunchScreen.storyboard;
			sourceTree = "<group>";
		};
/* End PBXVariantGroup section */

/* Begin XCBuildConfiguration section */
		B0ED60ED214A8A0600507AEC /* Debug */ = {
			isa = XCBuildConfiguration;
			buildSettings = {
				ALWAYS_SEARCH_USER_PATHS = NO;
				CLANG_ANALYZER_NONNULL = YES;
				CLANG_ANALYZER_NUMBER_OBJECT_CONVERSION = YES_AGGRESSIVE;
				CLANG_CXX_LANGUAGE_STANDARD = "gnu++14";
				CLANG_CXX_LIBRARY = "libc++";
				CLANG_ENABLE_MODULES = YES;
				CLANG_ENABLE_OBJC_ARC = YES;
				CLANG_WARN_BLOCK_CAPTURE_AUTORELEASING = YES;
				CLANG_WARN_BOOL_CONVERSION = YES;
				CLANG_WARN_COMMA = YES;
				CLANG_WARN_CONSTANT_CONVERSION = YES;
				CLANG_WARN_DIRECT_OBJC_ISA_USAGE = YES_ERROR;
				CLANG_WARN_DOCUMENTATION_COMMENTS = YES;
				CLANG_WARN_EMPTY_BODY = YES;
				CLANG_WARN_ENUM_CONVERSION = YES;
				CLANG_WARN_INFINITE_RECURSION = YES;
				CLANG_WARN_INT_CONVERSION = YES;
				CLANG_WARN_NON_LITERAL_NULL_CONVERSION = YES;
				CLANG_WARN_OBJC_LITERAL_CONVERSION = YES;
				CLANG_WARN_OBJC_ROOT_CLASS = YES_ERROR;
				CLANG_WARN_RANGE_LOOP_ANALYSIS = YES;
				CLANG_WARN_STRICT_PROTOTYPES = YES;
				CLANG_WARN_SUSPICIOUS_MOVE = YES;
				CLANG_WARN_UNGUARDED_AVAILABILITY = YES_AGGRESSIVE;
				CLANG_WARN_UNREACHABLE_CODE = YES;
				CLANG_WARN__DUPLICATE_METHOD_MATCH = YES;
				CODE_SIGN_IDENTITY = "iPhone Developer";
				COPY_PHASE_STRIP = NO;
				DEBUG_INFORMATION_FORMAT = dwarf;
				ENABLE_STRICT_OBJC_MSGSEND = YES;
				ENABLE_TESTABILITY = YES;
				GCC_C_LANGUAGE_STANDARD = gnu11;
				GCC_DYNAMIC_NO_PIC = NO;
				GCC_NO_COMMON_BLOCKS = YES;
				GCC_OPTIMIZATION_LEVEL = 0;
				GCC_PREPROCESSOR_DEFINITIONS = (
					"DEBUG=1",
					"$(inherited)",
				);
				GCC_WARN_64_TO_32_BIT_CONVERSION = YES;
				GCC_WARN_ABOUT_RETURN_TYPE = YES_ERROR;
				GCC_WARN_UNDECLARED_SELECTOR = YES;
				GCC_WARN_UNINITIALIZED_AUTOS = YES_AGGRESSIVE;
				GCC_WARN_UNUSED_FUNCTION = YES;
				GCC_WARN_UNUSED_VARIABLE = YES;
				IPHONEOS_DEPLOYMENT_TARGET = 11.0;
				MTL_ENABLE_DEBUG_INFO = YES;
				ONLY_ACTIVE_ARCH = YES;
				SDKROOT = iphoneos;
			};
			name = Debug;
		};
		B0ED60EE214A8A0600507AEC /* Release */ = {
			isa = XCBuildConfiguration;
			buildSettings = {
				ALWAYS_SEARCH_USER_PATHS = NO;
				CLANG_ANALYZER_NONNULL = YES;
				CLANG_ANALYZER_NUMBER_OBJECT_CONVERSION = YES_AGGRESSIVE;
				CLANG_CXX_LANGUAGE_STANDARD = "gnu++14";
				CLANG_CXX_LIBRARY = "libc++";
				CLANG_ENABLE_MODULES = YES;
				CLANG_ENABLE_OBJC_ARC = YES;
				CLANG_WARN_BLOCK_CAPTURE_AUTORELEASING = YES;
				CLANG_WARN_BOOL_CONVERSION = YES;
				CLANG_WARN_COMMA = YES;
				CLANG_WARN_CONSTANT_CONVERSION = YES;
				CLANG_WARN_DIRECT_OBJC_ISA_USAGE = YES_ERROR;
				CLANG_WARN_DOCUMENTATION_COMMENTS = YES;
				CLANG_WARN_EMPTY_BODY = YES;
				CLANG_WARN_ENUM_CONVERSION = YES;
				CLANG_WARN_INFINITE_RECURSION = YES;
				CLANG_WARN_INT_CONVERSION = YES;
				CLANG_WARN_NON_LITERAL_NULL_CONVERSION = YES;
				CLANG_WARN_OBJC_LITERAL_CONVERSION = YES;
				CLANG_WARN_OBJC_ROOT_CLASS = YES_ERROR;
				CLANG_WARN_RANGE_LOOP_ANALYSIS = YES;
				CLANG_WARN_STRICT_PROTOTYPES = YES;
				CLANG_WARN_SUSPICIOUS_MOVE = YES;
				CLANG_WARN_UNGUARDED_AVAILABILITY = YES_AGGRESSIVE;
				CLANG_WARN_UNREACHABLE_CODE = YES;
				CLANG_WARN__DUPLICATE_METHOD_MATCH = YES;
				CODE_SIGN_IDENTITY = "iPhone Developer";
				COPY_PHASE_STRIP = NO;
				DEBUG_INFORMATION_FORMAT = "dwarf-with-dsym";
				ENABLE_NS_ASSERTIONS = NO;
				ENABLE_STRICT_OBJC_MSGSEND = YES;
				GCC_C_LANGUAGE_STANDARD = gnu11;
				GCC_NO_COMMON_BLOCKS = YES;
				GCC_WARN_64_TO_32_BIT_CONVERSION = YES;
				GCC_WARN_ABOUT_RETURN_TYPE = YES_ERROR;
				GCC_WARN_UNDECLARED_SELECTOR = YES;
				GCC_WARN_UNINITIALIZED_AUTOS = YES_AGGRESSIVE;
				GCC_WARN_UNUSED_FUNCTION = YES;
				GCC_WARN_UNUSED_VARIABLE = YES;
				IPHONEOS_DEPLOYMENT_TARGET = 11.0;
				MTL_ENABLE_DEBUG_INFO = NO;
				SDKROOT = iphoneos;
				VALIDATE_PRODUCT = YES;
			};
			name = Release;
		};
		B0ED60F0214A8A0600507AEC /* Debug */ = {
			isa = XCBuildConfiguration;
			baseConfigurationReference = 961018E4B73907B3E83E8585 /* Pods-高仿马蹄运动.debug.xcconfig */;
			buildSettings = {
				ASSETCATALOG_COMPILER_APPICON_NAME = AppIcon;
				CODE_SIGN_STYLE = Automatic;
				GCC_PREFIX_HEADER = "$(SRCROOT)/高仿马蹄运动/PrefixHeader.pch";
				INFOPLIST_FILE = "高仿马蹄运动/Info.plist";
				LD_RUNPATH_SEARCH_PATHS = "$(inherited) @executable_path/Frameworks";
				PRODUCT_BUNDLE_IDENTIFIER = "--.------";
				PRODUCT_NAME = "$(TARGET_NAME)";
				TARGETED_DEVICE_FAMILY = "1,2";
			};
			name = Debug;
		};
		B0ED60F1214A8A0600507AEC /* Release */ = {
			isa = XCBuildConfiguration;
			baseConfigurationReference = F68C52F5A95FBC7A5552540B /* Pods-高仿马蹄运动.release.xcconfig */;
			buildSettings = {
				ASSETCATALOG_COMPILER_APPICON_NAME = AppIcon;
				CODE_SIGN_STYLE = Automatic;
				GCC_PREFIX_HEADER = "$(SRCROOT)/高仿马蹄运动/PrefixHeader.pch";
				INFOPLIST_FILE = "高仿马蹄运动/Info.plist";
				LD_RUNPATH_SEARCH_PATHS = "$(inherited) @executable_path/Frameworks";
				PRODUCT_BUNDLE_IDENTIFIER = "--.------";
				PRODUCT_NAME = "$(TARGET_NAME)";
				TARGETED_DEVICE_FAMILY = "1,2";
			};
			name = Release;
		};
		B0ED60F3214A8A0600507AEC /* Debug */ = {
			isa = XCBuildConfiguration;
			baseConfigurationReference = B3D049D5EC5FED41CCEB169A /* Pods-高仿马蹄运动Tests.debug.xcconfig */;
			buildSettings = {
				BUNDLE_LOADER = "$(TEST_HOST)";
				CODE_SIGN_STYLE = Automatic;
				INFOPLIST_FILE = "高仿马蹄运动Tests/Info.plist";
				LD_RUNPATH_SEARCH_PATHS = "$(inherited) @executable_path/Frameworks @loader_path/Frameworks";
				PRODUCT_BUNDLE_IDENTIFIER = "--.------Tests";
				PRODUCT_NAME = "$(TARGET_NAME)";
				TARGETED_DEVICE_FAMILY = "1,2";
				TEST_HOST = "$(BUILT_PRODUCTS_DIR)/高仿马蹄运动.app/高仿马蹄运动";
			};
			name = Debug;
		};
		B0ED60F4214A8A0600507AEC /* Release */ = {
			isa = XCBuildConfiguration;
			baseConfigurationReference = E311A32A32C9D1AEAA0A18B6 /* Pods-高仿马蹄运动Tests.release.xcconfig */;
			buildSettings = {
				BUNDLE_LOADER = "$(TEST_HOST)";
				CODE_SIGN_STYLE = Automatic;
				INFOPLIST_FILE = "高仿马蹄运动Tests/Info.plist";
				LD_RUNPATH_SEARCH_PATHS = "$(inherited) @executable_path/Frameworks @loader_path/Frameworks";
				PRODUCT_BUNDLE_IDENTIFIER = "--.------Tests";
				PRODUCT_NAME = "$(TARGET_NAME)";
				TARGETED_DEVICE_FAMILY = "1,2";
				TEST_HOST = "$(BUILT_PRODUCTS_DIR)/高仿马蹄运动.app/高仿马蹄运动";
			};
			name = Release;
		};
		B0ED60F6214A8A0600507AEC /* Debug */ = {
			isa = XCBuildConfiguration;
			baseConfigurationReference = 390D947EC74433F3C7C32E2E /* Pods-高仿马蹄运动UITests.debug.xcconfig */;
			buildSettings = {
				CODE_SIGN_STYLE = Automatic;
				INFOPLIST_FILE = "高仿马蹄运动UITests/Info.plist";
				LD_RUNPATH_SEARCH_PATHS = "$(inherited) @executable_path/Frameworks @loader_path/Frameworks";
				PRODUCT_BUNDLE_IDENTIFIER = "--.------UITests";
				PRODUCT_NAME = "$(TARGET_NAME)";
				TARGETED_DEVICE_FAMILY = "1,2";
				TEST_TARGET_NAME = "高仿马蹄运动";
			};
			name = Debug;
		};
		B0ED60F7214A8A0600507AEC /* Release */ = {
			isa = XCBuildConfiguration;
			baseConfigurationReference = 4119E1E7EE1396648AAE09F9 /* Pods-高仿马蹄运动UITests.release.xcconfig */;
			buildSettings = {
				CODE_SIGN_STYLE = Automatic;
				INFOPLIST_FILE = "高仿马蹄运动UITests/Info.plist";
				LD_RUNPATH_SEARCH_PATHS = "$(inherited) @executable_path/Frameworks @loader_path/Frameworks";
				PRODUCT_BUNDLE_IDENTIFIER = "--.------UITests";
				PRODUCT_NAME = "$(TARGET_NAME)";
				TARGETED_DEVICE_FAMILY = "1,2";
				TEST_TARGET_NAME = "高仿马蹄运动";
			};
			name = Release;
		};
/* End XCBuildConfiguration section */

/* Begin XCConfigurationList section */
		B0ED60BE214A8A0600507AEC /* Build configuration list for PBXProject "高仿马蹄运动" */ = {
			isa = XCConfigurationList;
			buildConfigurations = (
				B0ED60ED214A8A0600507AEC /* Debug */,
				B0ED60EE214A8A0600507AEC /* Release */,
			);
			defaultConfigurationIsVisible = 0;
			defaultConfigurationName = Release;
		};
		B0ED60EF214A8A0600507AEC /* Build configuration list for PBXNativeTarget "高仿马蹄运动" */ = {
			isa = XCConfigurationList;
			buildConfigurations = (
				B0ED60F0214A8A0600507AEC /* Debug */,
				B0ED60F1214A8A0600507AEC /* Release */,
			);
			defaultConfigurationIsVisible = 0;
			defaultConfigurationName = Release;
		};
		B0ED60F2214A8A0600507AEC /* Build configuration list for PBXNativeTarget "高仿马蹄运动Tests" */ = {
			isa = XCConfigurationList;
			buildConfigurations = (
				B0ED60F3214A8A0600507AEC /* Debug */,
				B0ED60F4214A8A0600507AEC /* Release */,
			);
			defaultConfigurationIsVisible = 0;
			defaultConfigurationName = Release;
		};
		B0ED60F5214A8A0600507AEC /* Build configuration list for PBXNativeTarget "高仿马蹄运动UITests" */ = {
			isa = XCConfigurationList;
			buildConfigurations = (
				B0ED60F6214A8A0600507AEC /* Debug */,
				B0ED60F7214A8A0600507AEC /* Release */,
			);
			defaultConfigurationIsVisible = 0;
			defaultConfigurationName = Release;
		};
/* End XCConfigurationList section */
	};
	rootObject = B0ED60BB214A8A0600507AEC /* Project object */;
}
